{
    "_readme": [
        "This file locks the dependencies of your project to a known state",
        "Read more about it at https://getcomposer.org/doc/01-basic-usage.md#installing-dependencies",
        "This file is @generated automatically"
    ],
    "content-hash": "645bee85a5123175d0eae57331970923",
    "packages": [],
    "packages-dev": [
        {
            "name": "automattic/wp-ai-evals",
            "version": "dev-trunk",
            "dist": {
                "type": "path",
                "url": ".packages/automattic-wp-ai-evals"
            },
            "require": {
                "ext-json": "*",
                "php": ">=7.4"
            },
            "require-dev": {
                "automattic/vipwpcs": "^3.0",
                "dealerdirect/phpcodesniffer-composer-installer": "^1.2.1",
                "php-parallel-lint/php-parallel-lint": "^1.4",
                "phpcompatibility/phpcompatibility-wp": "^3.0.0-alpha",
                "phpunit/phpunit": "^9.6",
                "slevomat/coding-standard": "^8.0",
                "wp-coding-standards/wpcs": "^3.3"
            },
            "type": "library",
            "autoload": {
                "psr-4": {
                    "Automattic\\AiEvals\\": "includes/"
                },
                "files": [
                    "bootstrap.php"
                ]
            },
            "autoload-dev": {
                "psr-4": {
                    "Automattic\\AiEvals\\Tests\\": "tests/"
                }
            },
            "scripts": {
                "lint": [
                    "parallel-lint --exclude vendor --exclude node_modules ."
                ],
                "phpcs": [
                    "phpcs"
                ],
                "phpcbf": [
                    "phpcbf"
                ],
                "test": [
                    "phpunit"
                ],
                "check": [
                    "@lint",
                    "@phpcs",
                    "@test"
                ]
            },
            "license": [
                "GPL-2.0-or-later"
            ],
            "description": "A development-only evaluation harness for WordPress AI plugins.",
            "keywords": [
                "ai",
                "evals",
                "wordpress",
                "wp-cli"
            ],
            "transport-options": {
                "symlink": false,
                "relative": true
            }
        }
    ],
    "aliases": [],
    "minimum-stability": "dev",
    "stability-flags": {
        "automattic/wp-ai-evals": 20
    },
    "prefer-stable": true,
    "prefer-lowest": false,
    "platform": {
        "php": ">=7.4"
    },
    "platform-dev": {},
    "platform-overrides": {
        "php": "7.4"
    },
    "plugin-api-version": "2.9.0"
}
